
Microsoft Visual Studio Solution File, Format Version 12.00
# Visual Studio Version 17
VisualStudioVersion = 17.8.34525.116
MinimumVisualStudioVersion = 10.0.40219.1
Project("{FAE04EC0-301F-11D3-BF4B-00C04F79EFBC}") = "JWTidentityApp", "JWTidentityApp\JWTidentityApp.csproj", "{DC90F794-FEFF-4FCC-ACC2-ABDDBF3DE0DF}"
EndProject
Global
	GlobalSection(SolutionConfigurationPlatforms) = preSolution
		Debug|Any CPU = Debug|Any CPU
		Release|Any CPU = Release|Any CPU
	EndGlobalSection
	GlobalSection(ProjectConfigurationPlatforms) = postSolution
		{DC90F794-FEFF-4FCC-ACC2-ABDDBF3DE0DF}.Debug|Any CPU.ActiveCfg = Debug|Any CPU
		{DC90F794-FEFF-4FCC-ACC2-ABDDBF3DE0DF}.Debug|Any CPU.Build.0 = Debug|Any CPU
		{DC90F794-FEFF-4FCC-ACC2-ABDDBF3DE0DF}.Release|Any CPU.ActiveCfg = Release|Any CPU
		{DC90F794-FEFF-4FCC-ACC2-ABDDBF3DE0DF}.Release|Any CPU.Build.0 = Release|Any CPU
	EndGlobalSection
	GlobalSection(SolutionProperties) = preSolution
		HideSolutionNode = FALSE
	EndGlobalSection
	GlobalSection(ExtensibilityGlobals) = postSolution
		SolutionGuid = {657873B4-9802-4104-BDD2-4CC912AC88F7}
	EndGlobalSection
EndGlobal
